<?xml version="1.0" encoding="utf-8"?>
<Project ToolsVersion="4.0" xmlns="http://schemas.microsoft.com/developer/msbuild/2003">
  <ItemGroup>
    <Filter Include="Source Files">
      <UniqueIdentifier>{4FC737F1-C7A5-4376-A066-2A32D752A2FF}</UniqueIdentifier>
      <Extensions>cpp;c;cc;cxx;def;odl;idl;hpj;bat;asm;asmx</Extensions>
    </Filter>
    <Filter Include="Header Files">
      <UniqueIdentifier>{93995380-89BD-4b04-88EB-625FBE52EBFB}</UniqueIdentifier>
      <Extensions>h;hh;hpp;hxx;hm;inl;inc;ipp;xsd</Extensions>
    </Filter>
    <Filter Include="Resource Files">
      <UniqueIdentifier>{67DA6AB6-F800-4c08-8B7A-83BB121AAD01}</UniqueIdentifier>
      <Extensions>rc;ico;cur;bmp;dlg;rc2;rct;bin;rgs;gif;jpg;jpeg;jpe;resx;tiff;tif;png;wav;mfcribbon-ms</Extensions>
    </Filter>
    <Filter Include="Resource Files\shader">
      <UniqueIdentifier>{b530e97b-1038-4b2c-a607-676e208f0439}</UniqueIdentifier>
    </Filter>
    <Filter Include="Header Files\shader">
      <UniqueIdentifier>{947190fc-9c8e-49bb-9181-ede6c9a2b3d7}</UniqueIdentifier>
    </Filter>
    <Filter Include="Source Files\shader">
      <UniqueIdentifier>{2a205dab-298a-4ad3-b175-a7e5f5272773}</UniqueIdentifier>
    </Filter>
    <Filter Include="Header Files\Program">
      <UniqueIdentifier>{f908636b-872a-4ea2-8df9-51c24fd99d9c}</UniqueIdentifier>
    </Filter>
    <Filter Include="Source Files\Program">
      <UniqueIdentifier>{be939cb3-b288-4240-aeac-8063f68f4da9}</UniqueIdentifier>
    </Filter>
    <Filter Include="Header Files\tool">
      <UniqueIdentifier>{d77d2a8a-a4bf-4975-b56d-9c0da2bf9328}</UniqueIdentifier>
    </Filter>
    <Filter Include="Source Files\tool">
      <UniqueIdentifier>{b6e626a7-a047-4a30-9293-ec897a32cca5}</UniqueIdentifier>
    </Filter>
    <Filter Include="Header Files\model">
      <UniqueIdentifier>{2ec4ab14-fb7d-41ab-ba95-087e701240f3}</UniqueIdentifier>
    </Filter>
    <Filter Include="Source Files\model">
      <UniqueIdentifier>{a2d18b45-46f2-4706-89e2-04eacddb733a}</UniqueIdentifier>
    </Filter>
  </ItemGroup>
  <ItemGroup>
    <ClCompile Include="main.cpp">
      <Filter>Source Files</Filter>
    </ClCompile>
    <ClCompile Include="shader.cpp">
      <Filter>Source Files\shader</Filter>
    </ClCompile>
    <ClCompile Include="GPUProgram.cpp">
      <Filter>Source Files\Program</Filter>
    </ClCompile>
    <ClCompile Include="utils.cpp">
      <Filter>Source Files\tool</Filter>
    </ClCompile>
    <ClCompile Include="model_obj.cpp">
      <Filter>Source Files\model</Filter>
    </ClCompile>
    <ClCompile Include="model_fbo.cpp">
      <Filter>Source Files\model</Filter>
    </ClCompile>
    <ClCompile Include="full_screen_quad.cpp">
      <Filter>Source Files\model</Filter>
    </ClCompile>
  </ItemGroup>
  <ItemGroup>
    <None Include="Res\shader\sample.fs">
      <Filter>Resource Files\shader</Filter>
    </None>
    <None Include="Res\shader\sample.vs">
      <Filter>Resource Files\shader</Filter>
    </None>
    <None Include="Res\shader\full_screen_quad.fs">
      <Filter>Resource Files\shader</Filter>
    </None>
    <None Include="Res\shader\full_screen_quad.vs">
      <Filter>Resource Files\shader</Filter>
    </None>
    <None Include="Res\shader\ambient.fs">
      <Filter>Resource Files\shader</Filter>
    </None>
    <None Include="Res\shader\ambient.vs">
      <Filter>Resource Files\shader</Filter>
    </None>
    <None Include="Res\shader\diffuse_vertex.fs">
      <Filter>Resource Files\shader</Filter>
    </None>
    <None Include="Res\shader\diffuse_vertex.vs">
      <Filter>Resource Files\shader</Filter>
    </None>
    <None Include="Res\shader\diffuse_pixel.vs">
      <Filter>Resource Files\shader</Filter>
    </None>
    <None Include="Res\shader\diffuse_pixel.fs">
      <Filter>Resource Files\shader</Filter>
    </None>
    <None Include="Res\shader\specular_vertex.fs">
      <Filter>Resource Files\shader</Filter>
    </None>
    <None Include="Res\shader\specular_vertex.vs">
      <Filter>Resource Files\shader</Filter>
    </None>
    <None Include="Res\shader\specular_pixel.fs">
      <Filter>Resource Files\shader</Filter>
    </None>
    <None Include="Res\shader\specular_pixel.vs">
      <Filter>Resource Files\shader</Filter>
    </None>
    <None Include="Res\shader\cartoon_vertex.fs">
      <Filter>Resource Files\shader</Filter>
    </None>
    <None Include="Res\shader\cartoon_vertex.vs">
      <Filter>Resource Files\shader</Filter>
    </None>
    <None Include="Res\shader\cartoon_pixel.fs">
      <Filter>Resource Files\shader</Filter>
    </None>
    <None Include="Res\shader\cartoon_pixel.vs">
      <Filter>Resource Files\shader</Filter>
    </None>
  </ItemGroup>
  <ItemGroup>
    <ClInclude Include="resource.h">
      <Filter>Resource Files</Filter>
    </ClInclude>
    <ClInclude Include="include\shader.h">
      <Filter>Header Files\shader</Filter>
    </ClInclude>
    <ClInclude Include="include\GPUProgram.h">
      <Filter>Header Files\Program</Filter>
    </ClInclude>
    <ClInclude Include="include\utils.h">
      <Filter>Header Files\tool</Filter>
    </ClInclude>
    <ClInclude Include="include\model_obj.h">
      <Filter>Header Files\model</Filter>
    </ClInclude>
    <ClInclude Include="include\model_fbo.h">
      <Filter>Header Files\model</Filter>
    </ClInclude>
    <ClInclude Include="include\full_screen_quad.h">
      <Filter>Header Files\model</Filter>
    </ClInclude>
  </ItemGroup>
  <ItemGroup>
    <ResourceCompile Include="OpenGLShader.rc">
      <Filter>Resource Files</Filter>
    </ResourceCompile>
  </ItemGroup>
</Project>